
Microsoft Visual Studio Solution File, Format Version 12.00
# Visual Studio Version 16
VisualStudioVersion = 16.0.29911.84
MinimumVisualStudioVersion = 10.0.40219.1
Project("{FAE04EC0-301F-11D3-BF4B-00C04F79EFBC}") = "visuals", "visuals\visuals.csproj", "{5250358B-97B3-4530-A4AB-FE6023FC0B03}"
EndProject
Global
	GlobalSection(SolutionConfigurationPlatforms) = preSolution
		Debug|Any CPU = Debug|Any CPU
		Release|Any CPU = Release|Any CPU
	EndGlobalSection
	GlobalSection(ProjectConfigurationPlatforms) = postSolution
		{5250358B-97B3-4530-A4AB-FE6023FC0B03}.Debug|Any CPU.ActiveCfg = Debug|Any CPU
		{5250358B-97B3-4530-A4AB-FE6023FC0B03}.Debug|Any CPU.Build.0 = Debug|Any CPU
		{5250358B-97B3-4530-A4AB-FE6023FC0B03}.Release|Any CPU.ActiveCfg = Release|Any CPU
		{5250358B-97B3-4530-A4AB-FE6023FC0B03}.Release|Any CPU.Build.0 = Release|Any CPU
	EndGlobalSection
	GlobalSection(SolutionProperties) = preSolution
		HideSolutionNode = FALSE
	EndGlobalSection
	GlobalSection(ExtensibilityGlobals) = postSolution
		SolutionGuid = {B5D493B0-C69C-4254-88FA-7926A83B3BA3}
	EndGlobalSection
EndGlobal
